
Microsoft Visual Studio Solution File, Format Version 12.00
# Visual Studio Version 17
VisualStudioVersion = 17.8.34330.188
MinimumVisualStudioVersion = 10.0.40219.1
Project("{E53339B2-1760-4266-BCC7-CA923CBCF16C}") = "docker-compose", "docker-compose.dcproj", "{1E766D98-B8BC-4D62-B298-D4FAF4796C2F}"
EndProject
Project("{2150E333-8FDC-42A3-9474-1A3956D46DE8}") = "Microservices", "Microservices", "{7C557E58-651E-4653-B44E-AEB2D2E0311A}"
EndProject
Project("{2150E333-8FDC-42A3-9474-1A3956D46DE8}") = "IdentityService", "IdentityService", "{69354E2A-5D5E-41C9-9D70-D8417EC82CC8}"
EndProject
Project("{2150E333-8FDC-42A3-9474-1A3956D46DE8}") = "BookChaptersService", "BookChaptersService", "{EDF7AF10-0748-46E2-A6A7-70372AB3EE78}"
EndProject
Project("{2150E333-8FDC-42A3-9474-1A3956D46DE8}") = "CategoriesService", "CategoriesService", "{9ADC101C-428C-47BF-B1B2-CD71CA66DD8D}"
EndProject
Project("{2150E333-8FDC-42A3-9474-1A3956D46DE8}") = "DetailedBooksService", "DetailedBooksService", "{510619B5-7D04-4748-8ADF-388888D33368}"
EndProject
Project("{2150E333-8FDC-42A3-9474-1A3956D46DE8}") = "ChatsService", "ChatsService", "{66818422-69E9-4D98-BCC1-6EEC2783631B}"
EndProject
Project("{2150E333-8FDC-42A3-9474-1A3956D46DE8}") = "Tests", "Tests", "{190A8F87-92FF-4BAC-81EA-5EF9C6EE7DD1}"
EndProject
Project("{2150E333-8FDC-42A3-9474-1A3956D46DE8}") = "Tests", "Tests", "{9212A263-F3DC-4373-A6DD-40F9FCFC4CC3}"
EndProject
Project("{2150E333-8FDC-42A3-9474-1A3956D46DE8}") = "Tests", "Tests", "{9B1B1219-EE35-4882-BBB8-3ABEEE22F9D2}"
EndProject
Project("{2150E333-8FDC-42A3-9474-1A3956D46DE8}") = "Tests", "Tests", "{9346557C-33B5-4F52-A6B2-2E7343DA1F7B}"
EndProject
Project("{2150E333-8FDC-42A3-9474-1A3956D46DE8}") = "Tests", "Tests", "{83622B24-943F-40EE-AEF6-1DA4D1CC7681}"
EndProject
Project("{9A19103F-16F7-4668-BE54-9A1E7A4F7556}") = "BookChapters.Domain", "Microservices\BookChaptersService\BookChapters.Domain\BookChapters.Domain.csproj", "{A05427BA-306D-4FDB-8343-506770EC870D}"
EndProject
Project("{9A19103F-16F7-4668-BE54-9A1E7A4F7556}") = "Categories.Api", "Microservices\CategoriesService\Categories.Api\Categories.Api.csproj", "{6E512002-36D7-4C03-A858-4BEAB09CC345}"
EndProject
Project("{9A19103F-16F7-4668-BE54-9A1E7A4F7556}") = "Categories.Application", "Microservices\CategoriesService\Categories.Application\Categories.Application.csproj", "{B19C9C38-6131-4CA2-AA70-7CABDB377C8E}"
EndProject
Project("{9A19103F-16F7-4668-BE54-9A1E7A4F7556}") = "Categories.Domain", "Microservices\CategoriesService\Categories.Domain\Categories.Domain.csproj", "{1BFF2691-1A59-43C0-A23E-7688284025C4}"
EndProject
Project("{9A19103F-16F7-4668-BE54-9A1E7A4F7556}") = "Categories.Infrastructure", "Microservices\CategoriesService\Categories.Infrastructure\Categories.Infrastructure.csproj", "{3E3B5F75-BE82-4A30-9E04-8859BDFAFA50}"
EndProject
Project("{9A19103F-16F7-4668-BE54-9A1E7A4F7556}") = "BookChapters.Api", "Microservices\BookChaptersService\BookChapters.Api\BookChapters.Api.csproj", "{9FC10A29-7E5A-450B-9135-F4B11C7829D3}"
EndProject
Project("{9A19103F-16F7-4668-BE54-9A1E7A4F7556}") = "Categories.IntegrationTests", "Microservices\CategoriesService\Tests\Categories.IntegrationTests\Categories.IntegrationTests.csproj", "{FE1953EB-2B36-4B10-9469-5DC605F7C868}"
EndProject
Project("{9A19103F-16F7-4668-BE54-9A1E7A4F7556}") = "DetailedBooks.Api", "Microservices\DetailedBooksService\DetailedBooks.Api\DetailedBooks.Api.csproj", "{644B20A7-D477-40CD-802F-7E36B9E07864}"
EndProject
Project("{9A19103F-16F7-4668-BE54-9A1E7A4F7556}") = "DetailedBooks.Application", "Microservices\DetailedBooksService\DetailedBooks.Application\DetailedBooks.Application.csproj", "{8EB482DE-4005-45BA-8102-639BEAEABB46}"
EndProject
Project("{9A19103F-16F7-4668-BE54-9A1E7A4F7556}") = "DetailedBooks.Domain", "Microservices\DetailedBooksService\DetailedBooks.Domain\DetailedBooks.Domain.csproj", "{7373202F-8257-455A-B5BA-367123B3AE5E}"
EndProject
Project("{9A19103F-16F7-4668-BE54-9A1E7A4F7556}") = "DetailedBooks.Infrastructure", "Microservices\DetailedBooksService\DetailedBooks.Infrastructure\DetailedBooks.Infrastructure.csproj", "{CCE1848F-442B-4B38-8CD9-05CA173931F7}"
EndProject
Project("{9A19103F-16F7-4668-BE54-9A1E7A4F7556}") = "DetailedBooks.UnitTests", "Microservices\DetailedBooksService\Tests\DetailedBooks.UnitTests\DetailedBooks.UnitTests.csproj", "{6D1B8E20-FBF4-473F-892F-4D32278525C2}"
EndProject
Project("{9A19103F-16F7-4668-BE54-9A1E7A4F7556}") = "Chats.Api", "Microservices\ChatsService\Chats.Api\Chats.Api.csproj", "{6E2ADC0D-EEE0-4704-97D6-926F35FFF0B2}"
EndProject
Project("{9A19103F-16F7-4668-BE54-9A1E7A4F7556}") = "Chats.Domain", "Microservices\ChatsService\Chats.Domain\Chats.Domain.csproj", "{6C1ED549-69FD-4205-A209-8D4A58790043}"
EndProject
Project("{9A19103F-16F7-4668-BE54-9A1E7A4F7556}") = "Identity.Api", "Microservices\IdentityService\Identity.Api\Identity.Api.csproj", "{11258635-C6AA-4F0D-A9B1-FE88CEE772BE}"
EndProject
Project("{9A19103F-16F7-4668-BE54-9A1E7A4F7556}") = "Identity.Application", "Microservices\IdentityService\Identity.Application\Identity.Application.csproj", "{12F7D590-80EA-48C6-AC07-C4E62050FF6C}"
EndProject
Project("{9A19103F-16F7-4668-BE54-9A1E7A4F7556}") = "Identity.Domain", "Microservices\IdentityService\Identity.Domain\Identity.Domain.csproj", "{0DBF8302-F60E-4E0C-9863-2BA8F056BDDB}"
EndProject
Project("{9A19103F-16F7-4668-BE54-9A1E7A4F7556}") = "Identity.Infrastructure", "Microservices\IdentityService\Identity.Infrastructure\Identity.Infrastructure.csproj", "{8ED26C18-1D2F-4CE7-A738-149DAEED6E09}"
EndProject
Project("{9A19103F-16F7-4668-BE54-9A1E7A4F7556}") = "Identity.IntegrationTests", "Microservices\IdentityService\Tests\Identity.IntegrationTests\Identity.IntegrationTests.csproj", "{C9688C19-7EB3-484E-A41F-B1C30064788A}"
EndProject
Project("{2150E333-8FDC-42A3-9474-1A3956D46DE8}") = "ApiGateways", "ApiGateways", "{AE9BCB59-F250-4EF1-9B16-807DC8493C68}"
EndProject
Project("{9A19103F-16F7-4668-BE54-9A1E7A4F7556}") = "ApiGateway", "ApiGateways\ApiGateway\ApiGateway.csproj", "{D1BC6186-FAE4-40D4-B214-C16DC3C74E1A}"
EndProject
Project("{2150E333-8FDC-42A3-9474-1A3956D46DE8}") = "VirtualPeopleService", "VirtualPeopleService", "{C1AC0261-B531-42D3-BFA6-91413E3292C5}"
EndProject
Project("{2150E333-8FDC-42A3-9474-1A3956D46DE8}") = "Tests", "Tests", "{89DF2EDD-D0B0-40E5-A349-8C644E53B913}"
EndProject
Project("{FAE04EC0-301F-11D3-BF4B-00C04F79EFBC}") = "VirtualPeople.Api", "Microservices\VirtualPeopleService\VirtualPeople.Api\VirtualPeople.Api.csproj", "{F002598A-5D97-44CB-ADCA-4AE5A420005B}"
EndProject
Project("{FAE04EC0-301F-11D3-BF4B-00C04F79EFBC}") = "VirtualPeople.Domain", "Microservices\VirtualPeopleService\VirtualPeople.Domain\VirtualPeople.Domain.csproj", "{0909FB34-471E-4E47-A401-9DB5E41F32DC}"
EndProject
Project("{FAE04EC0-301F-11D3-BF4B-00C04F79EFBC}") = "VirtualPeople.Application", "Microservices\VirtualPeopleService\VirtualPeople.Application\VirtualPeople.Application.csproj", "{1C6609A8-8C91-4E4F-AEAF-3C55D298BAE8}"
EndProject
Project("{FAE04EC0-301F-11D3-BF4B-00C04F79EFBC}") = "VirtualPeople.Infrastructure", "Microservices\VirtualPeopleService\VirtualPeople.Infrastructure\VirtualPeople.Infrastructure.csproj", "{AC6E10B8-4D59-4D38-8EC7-8949B30B7A00}"
EndProject
Global
	GlobalSection(SolutionConfigurationPlatforms) = preSolution
		Debug|Any CPU = Debug|Any CPU
		Release|Any CPU = Release|Any CPU
	EndGlobalSection
	GlobalSection(ProjectConfigurationPlatforms) = postSolution
		{1E766D98-B8BC-4D62-B298-D4FAF4796C2F}.Debug|Any CPU.ActiveCfg = Debug|Any CPU
		{1E766D98-B8BC-4D62-B298-D4FAF4796C2F}.Debug|Any CPU.Build.0 = Debug|Any CPU
		{1E766D98-B8BC-4D62-B298-D4FAF4796C2F}.Release|Any CPU.ActiveCfg = Release|Any CPU
		{1E766D98-B8BC-4D62-B298-D4FAF4796C2F}.Release|Any CPU.Build.0 = Release|Any CPU
		{A05427BA-306D-4FDB-8343-506770EC870D}.Debug|Any CPU.ActiveCfg = Debug|Any CPU
		{A05427BA-306D-4FDB-8343-506770EC870D}.Debug|Any CPU.Build.0 = Debug|Any CPU
		{A05427BA-306D-4FDB-8343-506770EC870D}.Release|Any CPU.ActiveCfg = Release|Any CPU
		{A05427BA-306D-4FDB-8343-506770EC870D}.Release|Any CPU.Build.0 = Release|Any CPU
		{6E512002-36D7-4C03-A858-4BEAB09CC345}.Debug|Any CPU.ActiveCfg = Debug|Any CPU
		{6E512002-36D7-4C03-A858-4BEAB09CC345}.Debug|Any CPU.Build.0 = Debug|Any CPU
		{6E512002-36D7-4C03-A858-4BEAB09CC345}.Release|Any CPU.ActiveCfg = Release|Any CPU
		{6E512002-36D7-4C03-A858-4BEAB09CC345}.Release|Any CPU.Build.0 = Release|Any CPU
		{B19C9C38-6131-4CA2-AA70-7CABDB377C8E}.Debug|Any CPU.ActiveCfg = Debug|Any CPU
		{B19C9C38-6131-4CA2-AA70-7CABDB377C8E}.Debug|Any CPU.Build.0 = Debug|Any CPU
		{B19C9C38-6131-4CA2-AA70-7CABDB377C8E}.Release|Any CPU.ActiveCfg = Release|Any CPU
		{B19C9C38-6131-4CA2-AA70-7CABDB377C8E}.Release|Any CPU.Build.0 = Release|Any CPU
		{1BFF2691-1A59-43C0-A23E-7688284025C4}.Debug|Any CPU.ActiveCfg = Debug|Any CPU
		{1BFF2691-1A59-43C0-A23E-7688284025C4}.Debug|Any CPU.Build.0 = Debug|Any CPU
		{1BFF2691-1A59-43C0-A23E-7688284025C4}.Release|Any CPU.ActiveCfg = Release|Any CPU
		{1BFF2691-1A59-43C0-A23E-7688284025C4}.Release|Any CPU.Build.0 = Release|Any CPU
		{3E3B5F75-BE82-4A30-9E04-8859BDFAFA50}.Debug|Any CPU.ActiveCfg = Debug|Any CPU
		{3E3B5F75-BE82-4A30-9E04-8859BDFAFA50}.Debug|Any CPU.Build.0 = Debug|Any CPU
		{3E3B5F75-BE82-4A30-9E04-8859BDFAFA50}.Release|Any CPU.ActiveCfg = Release|Any CPU
		{3E3B5F75-BE82-4A30-9E04-8859BDFAFA50}.Release|Any CPU.Build.0 = Release|Any CPU
		{9FC10A29-7E5A-450B-9135-F4B11C7829D3}.Debug|Any CPU.ActiveCfg = Debug|Any CPU
		{9FC10A29-7E5A-450B-9135-F4B11C7829D3}.Debug|Any CPU.Build.0 = Debug|Any CPU
		{9FC10A29-7E5A-450B-9135-F4B11C7829D3}.Release|Any CPU.ActiveCfg = Release|Any CPU
		{9FC10A29-7E5A-450B-9135-F4B11C7829D3}.Release|Any CPU.Build.0 = Release|Any CPU
		{FE1953EB-2B36-4B10-9469-5DC605F7C868}.Debug|Any CPU.ActiveCfg = Debug|Any CPU
		{FE1953EB-2B36-4B10-9469-5DC605F7C868}.Debug|Any CPU.Build.0 = Debug|Any CPU
		{FE1953EB-2B36-4B10-9469-5DC605F7C868}.Release|Any CPU.ActiveCfg = Release|Any CPU
		{FE1953EB-2B36-4B10-9469-5DC605F7C868}.Release|Any CPU.Build.0 = Release|Any CPU
		{644B20A7-D477-40CD-802F-7E36B9E07864}.Debug|Any CPU.ActiveCfg = Debug|Any CPU
		{644B20A7-D477-40CD-802F-7E36B9E07864}.Debug|Any CPU.Build.0 = Debug|Any CPU
		{644B20A7-D477-40CD-802F-7E36B9E07864}.Release|Any CPU.ActiveCfg = Release|Any CPU
		{644B20A7-D477-40CD-802F-7E36B9E07864}.Release|Any CPU.Build.0 = Release|Any CPU
		{8EB482DE-4005-45BA-8102-639BEAEABB46}.Debug|Any CPU.ActiveCfg = Debug|Any CPU
		{8EB482DE-4005-45BA-8102-639BEAEABB46}.Debug|Any CPU.Build.0 = Debug|Any CPU
		{8EB482DE-4005-45BA-8102-639BEAEABB46}.Release|Any CPU.ActiveCfg = Release|Any CPU
		{8EB482DE-4005-45BA-8102-639BEAEABB46}.Release|Any CPU.Build.0 = Release|Any CPU
		{7373202F-8257-455A-B5BA-367123B3AE5E}.Debug|Any CPU.ActiveCfg = Debug|Any CPU
		{7373202F-8257-455A-B5BA-367123B3AE5E}.Debug|Any CPU.Build.0 = Debug|Any CPU
		{7373202F-8257-455A-B5BA-367123B3AE5E}.Release|Any CPU.ActiveCfg = Release|Any CPU
		{7373202F-8257-455A-B5BA-367123B3AE5E}.Release|Any CPU.Build.0 = Release|Any CPU
		{CCE1848F-442B-4B38-8CD9-05CA173931F7}.Debug|Any CPU.ActiveCfg = Debug|Any CPU
		{CCE1848F-442B-4B38-8CD9-05CA173931F7}.Debug|Any CPU.Build.0 = Debug|Any CPU
		{CCE1848F-442B-4B38-8CD9-05CA173931F7}.Release|Any CPU.ActiveCfg = Release|Any CPU
		{CCE1848F-442B-4B38-8CD9-05CA173931F7}.Release|Any CPU.Build.0 = Release|Any CPU
		{6D1B8E20-FBF4-473F-892F-4D32278525C2}.Debug|Any CPU.ActiveCfg = Debug|Any CPU
		{6D1B8E20-FBF4-473F-892F-4D32278525C2}.Debug|Any CPU.Build.0 = Debug|Any CPU
		{6D1B8E20-FBF4-473F-892F-4D32278525C2}.Release|Any CPU.ActiveCfg = Release|Any CPU
		{6D1B8E20-FBF4-473F-892F-4D32278525C2}.Release|Any CPU.Build.0 = Release|Any CPU
		{6E2ADC0D-EEE0-4704-97D6-926F35FFF0B2}.Debug|Any CPU.ActiveCfg = Debug|Any CPU
		{6E2ADC0D-EEE0-4704-97D6-926F35FFF0B2}.Debug|Any CPU.Build.0 = Debug|Any CPU
		{6E2ADC0D-EEE0-4704-97D6-926F35FFF0B2}.Release|Any CPU.ActiveCfg = Release|Any CPU
		{6E2ADC0D-EEE0-4704-97D6-926F35FFF0B2}.Release|Any CPU.Build.0 = Release|Any CPU
		{6C1ED549-69FD-4205-A209-8D4A58790043}.Debug|Any CPU.ActiveCfg = Debug|Any CPU
		{6C1ED549-69FD-4205-A209-8D4A58790043}.Debug|Any CPU.Build.0 = Debug|Any CPU
		{6C1ED549-69FD-4205-A209-8D4A58790043}.Release|Any CPU.ActiveCfg = Release|Any CPU
		{6C1ED549-69FD-4205-A209-8D4A58790043}.Release|Any CPU.Build.0 = Release|Any CPU
		{11258635-C6AA-4F0D-A9B1-FE88CEE772BE}.Debug|Any CPU.ActiveCfg = Debug|Any CPU
		{11258635-C6AA-4F0D-A9B1-FE88CEE772BE}.Debug|Any CPU.Build.0 = Debug|Any CPU
		{11258635-C6AA-4F0D-A9B1-FE88CEE772BE}.Release|Any CPU.ActiveCfg = Release|Any CPU
		{11258635-C6AA-4F0D-A9B1-FE88CEE772BE}.Release|Any CPU.Build.0 = Release|Any CPU
		{12F7D590-80EA-48C6-AC07-C4E62050FF6C}.Debug|Any CPU.ActiveCfg = Debug|Any CPU
		{12F7D590-80EA-48C6-AC07-C4E62050FF6C}.Debug|Any CPU.Build.0 = Debug|Any CPU
		{12F7D590-80EA-48C6-AC07-C4E62050FF6C}.Release|Any CPU.ActiveCfg = Release|Any CPU
		{12F7D590-80EA-48C6-AC07-C4E62050FF6C}.Release|Any CPU.Build.0 = Release|Any CPU
		{0DBF8302-F60E-4E0C-9863-2BA8F056BDDB}.Debug|Any CPU.ActiveCfg = Debug|Any CPU
		{0DBF8302-F60E-4E0C-9863-2BA8F056BDDB}.Debug|Any CPU.Build.0 = Debug|Any CPU
		{0DBF8302-F60E-4E0C-9863-2BA8F056BDDB}.Release|Any CPU.ActiveCfg = Release|Any CPU
		{0DBF8302-F60E-4E0C-9863-2BA8F056BDDB}.Release|Any CPU.Build.0 = Release|Any CPU
		{8ED26C18-1D2F-4CE7-A738-149DAEED6E09}.Debug|Any CPU.ActiveCfg = Debug|Any CPU
		{8ED26C18-1D2F-4CE7-A738-149DAEED6E09}.Debug|Any CPU.Build.0 = Debug|Any CPU
		{8ED26C18-1D2F-4CE7-A738-149DAEED6E09}.Release|Any CPU.ActiveCfg = Release|Any CPU
		{8ED26C18-1D2F-4CE7-A738-149DAEED6E09}.Release|Any CPU.Build.0 = Release|Any CPU
		{C9688C19-7EB3-484E-A41F-B1C30064788A}.Debug|Any CPU.ActiveCfg = Debug|Any CPU
		{C9688C19-7EB3-484E-A41F-B1C30064788A}.Debug|Any CPU.Build.0 = Debug|Any CPU
		{C9688C19-7EB3-484E-A41F-B1C30064788A}.Release|Any CPU.ActiveCfg = Release|Any CPU
		{C9688C19-7EB3-484E-A41F-B1C30064788A}.Release|Any CPU.Build.0 = Release|Any CPU
		{D1BC6186-FAE4-40D4-B214-C16DC3C74E1A}.Debug|Any CPU.ActiveCfg = Debug|Any CPU
		{D1BC6186-FAE4-40D4-B214-C16DC3C74E1A}.Debug|Any CPU.Build.0 = Debug|Any CPU
		{D1BC6186-FAE4-40D4-B214-C16DC3C74E1A}.Release|Any CPU.ActiveCfg = Release|Any CPU
		{D1BC6186-FAE4-40D4-B214-C16DC3C74E1A}.Release|Any CPU.Build.0 = Release|Any CPU
		{F002598A-5D97-44CB-ADCA-4AE5A420005B}.Debug|Any CPU.ActiveCfg = Debug|Any CPU
		{F002598A-5D97-44CB-ADCA-4AE5A420005B}.Debug|Any CPU.Build.0 = Debug|Any CPU
		{F002598A-5D97-44CB-ADCA-4AE5A420005B}.Release|Any CPU.ActiveCfg = Release|Any CPU
		{F002598A-5D97-44CB-ADCA-4AE5A420005B}.Release|Any CPU.Build.0 = Release|Any CPU
		{0909FB34-471E-4E47-A401-9DB5E41F32DC}.Debug|Any CPU.ActiveCfg = Debug|Any CPU
		{0909FB34-471E-4E47-A401-9DB5E41F32DC}.Debug|Any CPU.Build.0 = Debug|Any CPU
		{0909FB34-471E-4E47-A401-9DB5E41F32DC}.Release|Any CPU.ActiveCfg = Release|Any CPU
		{0909FB34-471E-4E47-A401-9DB5E41F32DC}.Release|Any CPU.Build.0 = Release|Any CPU
		{1C6609A8-8C91-4E4F-AEAF-3C55D298BAE8}.Debug|Any CPU.ActiveCfg = Debug|Any CPU
		{1C6609A8-8C91-4E4F-AEAF-3C55D298BAE8}.Debug|Any CPU.Build.0 = Debug|Any CPU
		{1C6609A8-8C91-4E4F-AEAF-3C55D298BAE8}.Release|Any CPU.ActiveCfg = Release|Any CPU
		{1C6609A8-8C91-4E4F-AEAF-3C55D298BAE8}.Release|Any CPU.Build.0 = Release|Any CPU
		{AC6E10B8-4D59-4D38-8EC7-8949B30B7A00}.Debug|Any CPU.ActiveCfg = Debug|Any CPU
		{AC6E10B8-4D59-4D38-8EC7-8949B30B7A00}.Debug|Any CPU.Build.0 = Debug|Any CPU
		{AC6E10B8-4D59-4D38-8EC7-8949B30B7A00}.Release|Any CPU.ActiveCfg = Release|Any CPU
		{AC6E10B8-4D59-4D38-8EC7-8949B30B7A00}.Release|Any CPU.Build.0 = Release|Any CPU
	EndGlobalSection
	GlobalSection(SolutionProperties) = preSolution
		HideSolutionNode = FALSE
	EndGlobalSection
	GlobalSection(NestedProjects) = preSolution
		{69354E2A-5D5E-41C9-9D70-D8417EC82CC8} = {7C557E58-651E-4653-B44E-AEB2D2E0311A}
		{EDF7AF10-0748-46E2-A6A7-70372AB3EE78} = {7C557E58-651E-4653-B44E-AEB2D2E0311A}
		{9ADC101C-428C-47BF-B1B2-CD71CA66DD8D} = {7C557E58-651E-4653-B44E-AEB2D2E0311A}
		{510619B5-7D04-4748-8ADF-388888D33368} = {7C557E58-651E-4653-B44E-AEB2D2E0311A}
		{66818422-69E9-4D98-BCC1-6EEC2783631B} = {7C557E58-651E-4653-B44E-AEB2D2E0311A}
		{190A8F87-92FF-4BAC-81EA-5EF9C6EE7DD1} = {EDF7AF10-0748-46E2-A6A7-70372AB3EE78}
		{9212A263-F3DC-4373-A6DD-40F9FCFC4CC3} = {9ADC101C-428C-47BF-B1B2-CD71CA66DD8D}
		{9B1B1219-EE35-4882-BBB8-3ABEEE22F9D2} = {510619B5-7D04-4748-8ADF-388888D33368}
		{9346557C-33B5-4F52-A6B2-2E7343DA1F7B} = {66818422-69E9-4D98-BCC1-6EEC2783631B}
		{83622B24-943F-40EE-AEF6-1DA4D1CC7681} = {69354E2A-5D5E-41C9-9D70-D8417EC82CC8}
		{A05427BA-306D-4FDB-8343-506770EC870D} = {EDF7AF10-0748-46E2-A6A7-70372AB3EE78}
		{6E512002-36D7-4C03-A858-4BEAB09CC345} = {9ADC101C-428C-47BF-B1B2-CD71CA66DD8D}
		{B19C9C38-6131-4CA2-AA70-7CABDB377C8E} = {9ADC101C-428C-47BF-B1B2-CD71CA66DD8D}
		{1BFF2691-1A59-43C0-A23E-7688284025C4} = {9ADC101C-428C-47BF-B1B2-CD71CA66DD8D}
		{3E3B5F75-BE82-4A30-9E04-8859BDFAFA50} = {9ADC101C-428C-47BF-B1B2-CD71CA66DD8D}
		{9FC10A29-7E5A-450B-9135-F4B11C7829D3} = {EDF7AF10-0748-46E2-A6A7-70372AB3EE78}
		{FE1953EB-2B36-4B10-9469-5DC605F7C868} = {9212A263-F3DC-4373-A6DD-40F9FCFC4CC3}
		{644B20A7-D477-40CD-802F-7E36B9E07864} = {510619B5-7D04-4748-8ADF-388888D33368}
		{8EB482DE-4005-45BA-8102-639BEAEABB46} = {510619B5-7D04-4748-8ADF-388888D33368}
		{7373202F-8257-455A-B5BA-367123B3AE5E} = {510619B5-7D04-4748-8ADF-388888D33368}
		{CCE1848F-442B-4B38-8CD9-05CA173931F7} = {510619B5-7D04-4748-8ADF-388888D33368}
		{6D1B8E20-FBF4-473F-892F-4D32278525C2} = {9B1B1219-EE35-4882-BBB8-3ABEEE22F9D2}
		{6E2ADC0D-EEE0-4704-97D6-926F35FFF0B2} = {66818422-69E9-4D98-BCC1-6EEC2783631B}
		{6C1ED549-69FD-4205-A209-8D4A58790043} = {66818422-69E9-4D98-BCC1-6EEC2783631B}
		{11258635-C6AA-4F0D-A9B1-FE88CEE772BE} = {69354E2A-5D5E-41C9-9D70-D8417EC82CC8}
		{12F7D590-80EA-48C6-AC07-C4E62050FF6C} = {69354E2A-5D5E-41C9-9D70-D8417EC82CC8}
		{0DBF8302-F60E-4E0C-9863-2BA8F056BDDB} = {69354E2A-5D5E-41C9-9D70-D8417EC82CC8}
		{8ED26C18-1D2F-4CE7-A738-149DAEED6E09} = {69354E2A-5D5E-41C9-9D70-D8417EC82CC8}
		{C9688C19-7EB3-484E-A41F-B1C30064788A} = {83622B24-943F-40EE-AEF6-1DA4D1CC7681}
		{D1BC6186-FAE4-40D4-B214-C16DC3C74E1A} = {AE9BCB59-F250-4EF1-9B16-807DC8493C68}
		{C1AC0261-B531-42D3-BFA6-91413E3292C5} = {7C557E58-651E-4653-B44E-AEB2D2E0311A}
		{89DF2EDD-D0B0-40E5-A349-8C644E53B913} = {C1AC0261-B531-42D3-BFA6-91413E3292C5}
		{F002598A-5D97-44CB-ADCA-4AE5A420005B} = {C1AC0261-B531-42D3-BFA6-91413E3292C5}
		{0909FB34-471E-4E47-A401-9DB5E41F32DC} = {C1AC0261-B531-42D3-BFA6-91413E3292C5}
		{1C6609A8-8C91-4E4F-AEAF-3C55D298BAE8} = {C1AC0261-B531-42D3-BFA6-91413E3292C5}
		{AC6E10B8-4D59-4D38-8EC7-8949B30B7A00} = {C1AC0261-B531-42D3-BFA6-91413E3292C5}
	EndGlobalSection
	GlobalSection(ExtensibilityGlobals) = postSolution
		SolutionGuid = {5E2E0E38-07BB-4A57-9794-22E49837164B}
	EndGlobalSection
EndGlobal
