
Microsoft Visual Studio Solution File, Format Version 12.00
# Visual Studio Version 17
VisualStudioVersion = 17.8.34330.188
MinimumVisualStudioVersion = 10.0.40219.1
Project("{2150E333-8FDC-42A3-9474-1A3956D46DE8}") = "Microservices", "Microservices", "{FF200BE6-CF6F-4522-AEFB-C4C7DA0CEB0D}"
EndProject
Project("{2150E333-8FDC-42A3-9474-1A3956D46DE8}") = "DetailedBooksService", "DetailedBooksService", "{94408339-7CE4-425E-BE0A-D171B5A45011}"
EndProject
Project("{9A19103F-16F7-4668-BE54-9A1E7A4F7556}") = "DetailedBooks.Infrastructure", "DetailedBooks.Infrastructure\DetailedBooks.Infrastructure.csproj", "{38C8AB9E-AB81-4A51-8601-9D01472F814F}"
EndProject
Project("{9A19103F-16F7-4668-BE54-9A1E7A4F7556}") = "DetailedBooks.Domain", "DetailedBooks.Domain\DetailedBooks.Domain.csproj", "{62AA4CD8-771B-4254-B22C-78C18DF6D5A3}"
EndProject
Project("{2150E333-8FDC-42A3-9474-1A3956D46DE8}") = "Tests", "Tests", "{94F23DFE-A79D-4423-802E-801E08E0F599}"
EndProject
Project("{9A19103F-16F7-4668-BE54-9A1E7A4F7556}") = "DetailedBooks.UnitTests", "DetailedBooks.UnitTests\DetailedBooks.UnitTests.csproj", "{85EDE63D-44E1-45F6-9D38-8EA1FFDA4E65}"
EndProject
Project("{2150E333-8FDC-42A3-9474-1A3956D46DE8}") = "ChatsService", "ChatsService", "{FC83AF1D-0BC4-4294-8AB2-0981B214D22F}"
EndProject
Project("{9A19103F-16F7-4668-BE54-9A1E7A4F7556}") = "Chats.Domain", "Chats.Domain\Chats.Domain.csproj", "{EC347590-51BC-4914-B41E-E95EB6A72FD2}"
EndProject
Project("{2150E333-8FDC-42A3-9474-1A3956D46DE8}") = "BookChaptersService", "BookChaptersService", "{6ED2DE94-2DFF-4B48-90D4-2704FDB3E8A8}"
EndProject
Project("{9A19103F-16F7-4668-BE54-9A1E7A4F7556}") = "BookChapters.Domain", "BookChapters.Domain\BookChapters.Domain.csproj", "{24DD6D7A-0D4D-498F-BE87-CB054F36620F}"
EndProject
Project("{9A19103F-16F7-4668-BE54-9A1E7A4F7556}") = "DetailedBooks.Application", "DetailedBooks.Application\DetailedBooks.Application.csproj", "{7037FDBE-2BF9-4AC6-A3E8-3DC083B0C711}"
EndProject
Project("{9A19103F-16F7-4668-BE54-9A1E7A4F7556}") = "DetailedBooks.Api", "DetailedBooks.Api\DetailedBooks.Api.csproj", "{12863849-EB7C-4285-BFC2-3C4A7B17A320}"
EndProject
Project("{9A19103F-16F7-4668-BE54-9A1E7A4F7556}") = "BookChapters.Api", "BookChapters.Api\BookChapters.Api.csproj", "{9E7D5E0C-7986-4934-937A-F046DD67DDDB}"
EndProject
Project("{FAE04EC0-301F-11D3-BF4B-00C04F79EFBC}") = "Chats.Api", "Chats.Api\Chats.Api.csproj", "{FA102C2F-4FCE-4516-81F7-0396D68F16FC}"
EndProject
Global
	GlobalSection(SolutionConfigurationPlatforms) = preSolution
		Debug|Any CPU = Debug|Any CPU
		Release|Any CPU = Release|Any CPU
	EndGlobalSection
	GlobalSection(ProjectConfigurationPlatforms) = postSolution
		{38C8AB9E-AB81-4A51-8601-9D01472F814F}.Debug|Any CPU.ActiveCfg = Debug|Any CPU
		{38C8AB9E-AB81-4A51-8601-9D01472F814F}.Debug|Any CPU.Build.0 = Debug|Any CPU
		{38C8AB9E-AB81-4A51-8601-9D01472F814F}.Release|Any CPU.ActiveCfg = Release|Any CPU
		{38C8AB9E-AB81-4A51-8601-9D01472F814F}.Release|Any CPU.Build.0 = Release|Any CPU
		{62AA4CD8-771B-4254-B22C-78C18DF6D5A3}.Debug|Any CPU.ActiveCfg = Debug|Any CPU
		{62AA4CD8-771B-4254-B22C-78C18DF6D5A3}.Debug|Any CPU.Build.0 = Debug|Any CPU
		{62AA4CD8-771B-4254-B22C-78C18DF6D5A3}.Release|Any CPU.ActiveCfg = Release|Any CPU
		{62AA4CD8-771B-4254-B22C-78C18DF6D5A3}.Release|Any CPU.Build.0 = Release|Any CPU
		{85EDE63D-44E1-45F6-9D38-8EA1FFDA4E65}.Debug|Any CPU.ActiveCfg = Debug|Any CPU
		{85EDE63D-44E1-45F6-9D38-8EA1FFDA4E65}.Debug|Any CPU.Build.0 = Debug|Any CPU
		{85EDE63D-44E1-45F6-9D38-8EA1FFDA4E65}.Release|Any CPU.ActiveCfg = Release|Any CPU
		{85EDE63D-44E1-45F6-9D38-8EA1FFDA4E65}.Release|Any CPU.Build.0 = Release|Any CPU
		{EC347590-51BC-4914-B41E-E95EB6A72FD2}.Debug|Any CPU.ActiveCfg = Debug|Any CPU
		{EC347590-51BC-4914-B41E-E95EB6A72FD2}.Debug|Any CPU.Build.0 = Debug|Any CPU
		{EC347590-51BC-4914-B41E-E95EB6A72FD2}.Release|Any CPU.ActiveCfg = Release|Any CPU
		{EC347590-51BC-4914-B41E-E95EB6A72FD2}.Release|Any CPU.Build.0 = Release|Any CPU
		{24DD6D7A-0D4D-498F-BE87-CB054F36620F}.Debug|Any CPU.ActiveCfg = Debug|Any CPU
		{24DD6D7A-0D4D-498F-BE87-CB054F36620F}.Debug|Any CPU.Build.0 = Debug|Any CPU
		{24DD6D7A-0D4D-498F-BE87-CB054F36620F}.Release|Any CPU.ActiveCfg = Release|Any CPU
		{24DD6D7A-0D4D-498F-BE87-CB054F36620F}.Release|Any CPU.Build.0 = Release|Any CPU
		{7037FDBE-2BF9-4AC6-A3E8-3DC083B0C711}.Debug|Any CPU.ActiveCfg = Debug|Any CPU
		{7037FDBE-2BF9-4AC6-A3E8-3DC083B0C711}.Debug|Any CPU.Build.0 = Debug|Any CPU
		{7037FDBE-2BF9-4AC6-A3E8-3DC083B0C711}.Release|Any CPU.ActiveCfg = Release|Any CPU
		{7037FDBE-2BF9-4AC6-A3E8-3DC083B0C711}.Release|Any CPU.Build.0 = Release|Any CPU
		{12863849-EB7C-4285-BFC2-3C4A7B17A320}.Debug|Any CPU.ActiveCfg = Debug|Any CPU
		{12863849-EB7C-4285-BFC2-3C4A7B17A320}.Debug|Any CPU.Build.0 = Debug|Any CPU
		{12863849-EB7C-4285-BFC2-3C4A7B17A320}.Release|Any CPU.ActiveCfg = Release|Any CPU
		{12863849-EB7C-4285-BFC2-3C4A7B17A320}.Release|Any CPU.Build.0 = Release|Any CPU
		{9E7D5E0C-7986-4934-937A-F046DD67DDDB}.Debug|Any CPU.ActiveCfg = Debug|Any CPU
		{9E7D5E0C-7986-4934-937A-F046DD67DDDB}.Debug|Any CPU.Build.0 = Debug|Any CPU
		{9E7D5E0C-7986-4934-937A-F046DD67DDDB}.Release|Any CPU.ActiveCfg = Release|Any CPU
		{9E7D5E0C-7986-4934-937A-F046DD67DDDB}.Release|Any CPU.Build.0 = Release|Any CPU
		{FA102C2F-4FCE-4516-81F7-0396D68F16FC}.Debug|Any CPU.ActiveCfg = Debug|Any CPU
		{FA102C2F-4FCE-4516-81F7-0396D68F16FC}.Debug|Any CPU.Build.0 = Debug|Any CPU
		{FA102C2F-4FCE-4516-81F7-0396D68F16FC}.Release|Any CPU.ActiveCfg = Release|Any CPU
		{FA102C2F-4FCE-4516-81F7-0396D68F16FC}.Release|Any CPU.Build.0 = Release|Any CPU
	EndGlobalSection
	GlobalSection(SolutionProperties) = preSolution
		HideSolutionNode = FALSE
	EndGlobalSection
	GlobalSection(NestedProjects) = preSolution
		{94408339-7CE4-425E-BE0A-D171B5A45011} = {FF200BE6-CF6F-4522-AEFB-C4C7DA0CEB0D}
		{38C8AB9E-AB81-4A51-8601-9D01472F814F} = {94408339-7CE4-425E-BE0A-D171B5A45011}
		{62AA4CD8-771B-4254-B22C-78C18DF6D5A3} = {94408339-7CE4-425E-BE0A-D171B5A45011}
		{94F23DFE-A79D-4423-802E-801E08E0F599} = {94408339-7CE4-425E-BE0A-D171B5A45011}
		{85EDE63D-44E1-45F6-9D38-8EA1FFDA4E65} = {94F23DFE-A79D-4423-802E-801E08E0F599}
		{FC83AF1D-0BC4-4294-8AB2-0981B214D22F} = {FF200BE6-CF6F-4522-AEFB-C4C7DA0CEB0D}
		{EC347590-51BC-4914-B41E-E95EB6A72FD2} = {FC83AF1D-0BC4-4294-8AB2-0981B214D22F}
		{6ED2DE94-2DFF-4B48-90D4-2704FDB3E8A8} = {FF200BE6-CF6F-4522-AEFB-C4C7DA0CEB0D}
		{24DD6D7A-0D4D-498F-BE87-CB054F36620F} = {6ED2DE94-2DFF-4B48-90D4-2704FDB3E8A8}
		{7037FDBE-2BF9-4AC6-A3E8-3DC083B0C711} = {94408339-7CE4-425E-BE0A-D171B5A45011}
		{12863849-EB7C-4285-BFC2-3C4A7B17A320} = {94408339-7CE4-425E-BE0A-D171B5A45011}
		{9E7D5E0C-7986-4934-937A-F046DD67DDDB} = {6ED2DE94-2DFF-4B48-90D4-2704FDB3E8A8}
		{FA102C2F-4FCE-4516-81F7-0396D68F16FC} = {FC83AF1D-0BC4-4294-8AB2-0981B214D22F}
	EndGlobalSection
	GlobalSection(ExtensibilityGlobals) = postSolution
		SolutionGuid = {5E2E0E38-07BB-4A57-9794-22E49837164B}
	EndGlobalSection
EndGlobal
